
Microsoft Visual Studio Solution File, Format Version 12.00
# Visual Studio Version 17
VisualStudioVersion = 17.0.31903.59
MinimumVisualStudioVersion = 10.0.40219.1
Project("{9A19103F-16F7-4668-BE54-9A1E7A4F7556}") = "Задание 3.", "Задание 3..csproj", "{ECEF0729-28E4-4163-8B9D-23A01ACBFF2D}"
EndProject
Global
	GlobalSection(SolutionConfigurationPlatforms) = preSolution
		Debug|Any CPU = Debug|Any CPU
		Release|Any CPU = Release|Any CPU
	EndGlobalSection
	GlobalSection(ProjectConfigurationPlatforms) = postSolution
		{ECEF0729-28E4-4163-8B9D-23A01ACBFF2D}.Debug|Any CPU.ActiveCfg = Debug|Any CPU
		{ECEF0729-28E4-4163-8B9D-23A01ACBFF2D}.Debug|Any CPU.Build.0 = Debug|Any CPU
		{ECEF0729-28E4-4163-8B9D-23A01ACBFF2D}.Release|Any CPU.ActiveCfg = Release|Any CPU
		{ECEF0729-28E4-4163-8B9D-23A01ACBFF2D}.Release|Any CPU.Build.0 = Release|Any CPU
	EndGlobalSection
	GlobalSection(SolutionProperties) = preSolution
		HideSolutionNode = FALSE
	EndGlobalSection
	GlobalSection(ExtensibilityGlobals) = postSolution
		SolutionGuid = {1A62EF8C-30D2-40B9-AF80-520774FA4A41}
	EndGlobalSection
EndGlobal
